
Microsoft Visual Studio Solution File, Format Version 12.00
Project("{FAE04EC0-301F-11D3-BF4B-00C04F79EFBC}") = "ModbusSim", "ModbusSim\ModbusSim.csproj", "{CC554D6A-BCB7-45E1-B66F-8757C37C52A6}"
EndProject
Global
	GlobalSection(SolutionConfigurationPlatforms) = preSolution
		Debug|Any CPU = Debug|Any CPU
		Release|Any CPU = Release|Any CPU
	EndGlobalSection
	GlobalSection(ProjectConfigurationPlatforms) = postSolution
		{CC554D6A-BCB7-45E1-B66F-8757C37C52A6}.Debug|Any CPU.ActiveCfg = Debug|Any CPU
		{CC554D6A-BCB7-45E1-B66F-8757C37C52A6}.Debug|Any CPU.Build.0 = Debug|Any CPU
		{CC554D6A-BCB7-45E1-B66F-8757C37C52A6}.Release|Any CPU.ActiveCfg = Release|Any CPU
		{CC554D6A-BCB7-45E1-B66F-8757C37C52A6}.Release|Any CPU.Build.0 = Release|Any CPU
	EndGlobalSection
EndGlobal
